
Microsoft Visual Studio Solution File, Format Version 12.00
# Visual Studio Version 16
VisualStudioVersion = 16.0.31025.194
MinimumVisualStudioVersion = 10.0.40219.1
Project("{FAE04EC0-301F-11D3-BF4B-00C04F79EFBC}") = "1 divided by n- cycle", "1 divided by n- cycle\1 divided by n- cycle.csproj", "{E0D1BC8C-E697-495D-8908-3283B3176FB2}"
EndProject
Global
	GlobalSection(SolutionConfigurationPlatforms) = preSolution
		Debug|Any CPU = Debug|Any CPU
		Release|Any CPU = Release|Any CPU
	EndGlobalSection
	GlobalSection(ProjectConfigurationPlatforms) = postSolution
		{E0D1BC8C-E697-495D-8908-3283B3176FB2}.Debug|Any CPU.ActiveCfg = Debug|Any CPU
		{E0D1BC8C-E697-495D-8908-3283B3176FB2}.Debug|Any CPU.Build.0 = Debug|Any CPU
		{E0D1BC8C-E697-495D-8908-3283B3176FB2}.Release|Any CPU.ActiveCfg = Release|Any CPU
		{E0D1BC8C-E697-495D-8908-3283B3176FB2}.Release|Any CPU.Build.0 = Release|Any CPU
	EndGlobalSection
	GlobalSection(SolutionProperties) = preSolution
		HideSolutionNode = FALSE
	EndGlobalSection
	GlobalSection(ExtensibilityGlobals) = postSolution
		SolutionGuid = {A3892ADC-16B6-4FCD-AB5C-CF9132AE792F}
	EndGlobalSection
EndGlobal
